
Microsoft Visual Studio Solution File, Format Version 11.00
# Visual C++ Express 2010
Project("{8BC9CEB8-8B4A-11D0-8D11-00A0C91BC942}") = "task_7.2", "task_7.2\task_7.2.vcxproj", "{A9ADF3FC-514A-4E18-A748-AD776383C045}"
EndProject
Global
	GlobalSection(SolutionConfigurationPlatforms) = preSolution
		Debug|Win32 = Debug|Win32
		Release|Win32 = Release|Win32
	EndGlobalSection
	GlobalSection(ProjectConfigurationPlatforms) = postSolution
		{A9ADF3FC-514A-4E18-A748-AD776383C045}.Debug|Win32.ActiveCfg = Debug|Win32
		{A9ADF3FC-514A-4E18-A748-AD776383C045}.Debug|Win32.Build.0 = Debug|Win32
		{A9ADF3FC-514A-4E18-A748-AD776383C045}.Release|Win32.ActiveCfg = Release|Win32
		{A9ADF3FC-514A-4E18-A748-AD776383C045}.Release|Win32.Build.0 = Release|Win32
	EndGlobalSection
	GlobalSection(SolutionProperties) = preSolution
		HideSolutionNode = FALSE
	EndGlobalSection
EndGlobal
