
Microsoft Visual Studio Solution File, Format Version 11.00
# Visual C++ Express 2010
Project("{8BC9CEB8-8B4A-11D0-8D11-00A0C91BC942}") = "task_6.1", "task_6.1\task_6.1.vcxproj", "{1A61A27C-2081-412C-A1BB-E58BC82075ED}"
EndProject
Global
	GlobalSection(SolutionConfigurationPlatforms) = preSolution
		Debug|Win32 = Debug|Win32
		Release|Win32 = Release|Win32
	EndGlobalSection
	GlobalSection(ProjectConfigurationPlatforms) = postSolution
		{1A61A27C-2081-412C-A1BB-E58BC82075ED}.Debug|Win32.ActiveCfg = Debug|Win32
		{1A61A27C-2081-412C-A1BB-E58BC82075ED}.Debug|Win32.Build.0 = Debug|Win32
		{1A61A27C-2081-412C-A1BB-E58BC82075ED}.Release|Win32.ActiveCfg = Release|Win32
		{1A61A27C-2081-412C-A1BB-E58BC82075ED}.Release|Win32.Build.0 = Release|Win32
	EndGlobalSection
	GlobalSection(SolutionProperties) = preSolution
		HideSolutionNode = FALSE
	EndGlobalSection
EndGlobal
