
Microsoft Visual Studio Solution File, Format Version 11.00
# Visual C++ Express 2010
Project("{8BC9CEB8-8B4A-11D0-8D11-00A0C91BC942}") = "task_9.1", "task_9.1\task_9.1.vcxproj", "{029515A6-CE49-4709-A40B-C5F26967F6D6}"
EndProject
Global
	GlobalSection(SolutionConfigurationPlatforms) = preSolution
		Debug|Win32 = Debug|Win32
		Release|Win32 = Release|Win32
	EndGlobalSection
	GlobalSection(ProjectConfigurationPlatforms) = postSolution
		{029515A6-CE49-4709-A40B-C5F26967F6D6}.Debug|Win32.ActiveCfg = Debug|Win32
		{029515A6-CE49-4709-A40B-C5F26967F6D6}.Debug|Win32.Build.0 = Debug|Win32
		{029515A6-CE49-4709-A40B-C5F26967F6D6}.Release|Win32.ActiveCfg = Release|Win32
		{029515A6-CE49-4709-A40B-C5F26967F6D6}.Release|Win32.Build.0 = Release|Win32
	EndGlobalSection
	GlobalSection(SolutionProperties) = preSolution
		HideSolutionNode = FALSE
	EndGlobalSection
EndGlobal
