
Microsoft Visual Studio Solution File, Format Version 11.00
# Visual C++ Express 2010
Project("{8BC9CEB8-8B4A-11D0-8D11-00A0C91BC942}") = "task_6.3", "task_6.3\task_6.3.vcxproj", "{4EC5C6BE-7487-47D4-80C7-32635CD2C511}"
EndProject
Global
	GlobalSection(SolutionConfigurationPlatforms) = preSolution
		Debug|Win32 = Debug|Win32
		Release|Win32 = Release|Win32
	EndGlobalSection
	GlobalSection(ProjectConfigurationPlatforms) = postSolution
		{4EC5C6BE-7487-47D4-80C7-32635CD2C511}.Debug|Win32.ActiveCfg = Debug|Win32
		{4EC5C6BE-7487-47D4-80C7-32635CD2C511}.Debug|Win32.Build.0 = Debug|Win32
		{4EC5C6BE-7487-47D4-80C7-32635CD2C511}.Release|Win32.ActiveCfg = Release|Win32
		{4EC5C6BE-7487-47D4-80C7-32635CD2C511}.Release|Win32.Build.0 = Release|Win32
	EndGlobalSection
	GlobalSection(SolutionProperties) = preSolution
		HideSolutionNode = FALSE
	EndGlobalSection
EndGlobal
